
Microsoft Visual Studio Solution File, Format Version 12.00
# Visual Studio 14
VisualStudioVersion = 14.0.25420.1
MinimumVisualStudioVersion = 10.0.40219.1
Project("{FAE04EC0-301F-11D3-BF4B-00C04F79EFBC}") = "Entidades", "Entidades\Entidades.csproj", "{3FCB94D6-35BB-47FE-90F6-A847283E5865}"
EndProject
Project("{FAE04EC0-301F-11D3-BF4B-00C04F79EFBC}") = "Negocios", "Negocios\Negocios.csproj", "{A4548730-1F08-4880-B14A-1FB3955E7EE8}"
EndProject
Project("{FAE04EC0-301F-11D3-BF4B-00C04F79EFBC}") = "Datos", "Datos\Datos.csproj", "{CA7BABD5-5266-489A-939B-20E30290217F}"
EndProject
Project("{FAE04EC0-301F-11D3-BF4B-00C04F79EFBC}") = "Ejecutar", "Ejecutar\Ejecutar.csproj", "{C17B0607-4870-48D9-9219-93362BBAF476}"
EndProject
Global
	GlobalSection(SolutionConfigurationPlatforms) = preSolution
		Debug|Any CPU = Debug|Any CPU
		Release|Any CPU = Release|Any CPU
	EndGlobalSection
	GlobalSection(ProjectConfigurationPlatforms) = postSolution
		{3FCB94D6-35BB-47FE-90F6-A847283E5865}.Debug|Any CPU.ActiveCfg = Debug|Any CPU
		{3FCB94D6-35BB-47FE-90F6-A847283E5865}.Debug|Any CPU.Build.0 = Debug|Any CPU
		{3FCB94D6-35BB-47FE-90F6-A847283E5865}.Release|Any CPU.ActiveCfg = Release|Any CPU
		{3FCB94D6-35BB-47FE-90F6-A847283E5865}.Release|Any CPU.Build.0 = Release|Any CPU
		{A4548730-1F08-4880-B14A-1FB3955E7EE8}.Debug|Any CPU.ActiveCfg = Debug|Any CPU
		{A4548730-1F08-4880-B14A-1FB3955E7EE8}.Debug|Any CPU.Build.0 = Debug|Any CPU
		{A4548730-1F08-4880-B14A-1FB3955E7EE8}.Release|Any CPU.ActiveCfg = Release|Any CPU
		{A4548730-1F08-4880-B14A-1FB3955E7EE8}.Release|Any CPU.Build.0 = Release|Any CPU
		{CA7BABD5-5266-489A-939B-20E30290217F}.Debug|Any CPU.ActiveCfg = Debug|Any CPU
		{CA7BABD5-5266-489A-939B-20E30290217F}.Debug|Any CPU.Build.0 = Debug|Any CPU
		{CA7BABD5-5266-489A-939B-20E30290217F}.Release|Any CPU.ActiveCfg = Release|Any CPU
		{CA7BABD5-5266-489A-939B-20E30290217F}.Release|Any CPU.Build.0 = Release|Any CPU
		{C17B0607-4870-48D9-9219-93362BBAF476}.Debug|Any CPU.ActiveCfg = Debug|Any CPU
		{C17B0607-4870-48D9-9219-93362BBAF476}.Debug|Any CPU.Build.0 = Debug|Any CPU
		{C17B0607-4870-48D9-9219-93362BBAF476}.Release|Any CPU.ActiveCfg = Release|Any CPU
		{C17B0607-4870-48D9-9219-93362BBAF476}.Release|Any CPU.Build.0 = Release|Any CPU
	EndGlobalSection
	GlobalSection(SolutionProperties) = preSolution
		HideSolutionNode = FALSE
	EndGlobalSection
EndGlobal
